// !$*UTF8*$!
{
	archiveVersion = 1;
	classes = {
	};
	objectVersion = 48;
	objects = {

/* Begin PBXBuildFile section */
		7D6028C720435CF8003E6AC1 /* AppDelegate.swift in Sources */ = {isa = PBXBuildFile; fileRef = 7D6028C620435CF8003E6AC1 /* AppDelegate.swift */; };
		7D6028CE20435CF8003E6AC1 /* Assets.xcassets in Resources */ = {isa = PBXBuildFile; fileRef = 7D6028CD20435CF8003E6AC1 /* Assets.xcassets */; };
		7D6028DC20435CF8003E6AC1 /* CleanLocalizableExampleTests.swift in Sources */ = {isa = PBXBuildFile; fileRef = 7D6028DB20435CF8003E6AC1 /* CleanLocalizableExampleTests.swift */; };
		7D6028E720435CF8003E6AC1 /* CleanLocalizableExampleUITests.swift in Sources */ = {isa = PBXBuildFile; fileRef = 7D6028E620435CF8003E6AC1 /* CleanLocalizableExampleUITests.swift */; };
		7D6028F520435D5D003E6AC1 /* LocalizableListTableViewController.swift in Sources */ = {isa = PBXBuildFile; fileRef = 7D6028F420435D5D003E6AC1 /* LocalizableListTableViewController.swift */; };
		7D6028F720435E13003E6AC1 /* Launch Screen.storyboard in Resources */ = {isa = PBXBuildFile; fileRef = 7D6028F620435E13003E6AC1 /* Launch Screen.storyboard */; };
		7D6028F920435E42003E6AC1 /* Main.storyboard in Resources */ = {isa = PBXBuildFile; fileRef = 7D6028F820435E42003E6AC1 /* Main.storyboard */; };
		7D6029012043606E003E6AC1 /* Localizable.strings in Resources */ = {isa = PBXBuildFile; fileRef = 7D6029032043606E003E6AC1 /* Localizable.strings */; };
		7D60290B20436376003E6AC1 /* RandomViewController.swift in Sources */ = {isa = PBXBuildFile; fileRef = 7D60290A20436376003E6AC1 /* RandomViewController.swift */; };
/* End PBXBuildFile section */

/* Begin PBXContainerItemProxy section */
		7D6028D820435CF8003E6AC1 /* PBXContainerItemProxy */ = {
			isa = PBXContainerItemProxy;
			containerPortal = 7D6028BB20435CF8003E6AC1 /* Project object */;
			proxyType = 1;
			remoteGlobalIDString = 7D6028C220435CF8003E6AC1;
			remoteInfo = CleanLocalizableExample;
		};
		7D6028E320435CF8003E6AC1 /* PBXContainerItemProxy */ = {
			isa = PBXContainerItemProxy;
			containerPortal = 7D6028BB20435CF8003E6AC1 /* Project object */;
			proxyType = 1;
			remoteGlobalIDString = 7D6028C220435CF8003E6AC1;
			remoteInfo = CleanLocalizableExample;
		};
/* End PBXContainerItemProxy section */

/* Begin PBXFileReference section */
		7D6028C320435CF8003E6AC1 /* CleanLocalizableExample.app */ = {isa = PBXFileReference; explicitFileType = wrapper.application; includeInIndex = 0; path = CleanLocalizableExample.app; sourceTree = BUILT_PRODUCTS_DIR; };
		7D6028C620435CF8003E6AC1 /* AppDelegate.swift */ = {isa = PBXFileReference; lastKnownFileType = sourcecode.swift; path = AppDelegate.swift; sourceTree = "<group>"; };
		7D6028CD20435CF8003E6AC1 /* Assets.xcassets */ = {isa = PBXFileReference; lastKnownFileType = folder.assetcatalog; path = Assets.xcassets; sourceTree = "<group>"; };
		7D6028D220435CF8003E6AC1 /* Info.plist */ = {isa = PBXFileReference; lastKnownFileType = text.plist.xml; path = Info.plist; sourceTree = "<group>"; };
		7D6028D720435CF8003E6AC1 /* CleanLocalizableExampleTests.xctest */ = {isa = PBXFileReference; explicitFileType = wrapper.cfbundle; includeInIndex = 0; path = CleanLocalizableExampleTests.xctest; sourceTree = BUILT_PRODUCTS_DIR; };
		7D6028DB20435CF8003E6AC1 /* CleanLocalizableExampleTests.swift */ = {isa = PBXFileReference; lastKnownFileType = sourcecode.swift; path = CleanLocalizableExampleTests.swift; sourceTree = "<group>"; };
		7D6028DD20435CF8003E6AC1 /* Info.plist */ = {isa = PBXFileReference; lastKnownFileType = text.plist.xml; path = Info.plist; sourceTree = "<group>"; };
		7D6028E220435CF8003E6AC1 /* CleanLocalizableExampleUITests.xctest */ = {isa = PBXFileReference; explicitFileType = wrapper.cfbundle; includeInIndex = 0; path = CleanLocalizableExampleUITests.xctest; sourceTree = BUILT_PRODUCTS_DIR; };
		7D6028E620435CF8003E6AC1 /* CleanLocalizableExampleUITests.swift */ = {isa = PBXFileReference; lastKnownFileType = sourcecode.swift; path = CleanLocalizableExampleUITests.swift; sourceTree = "<group>"; };
		7D6028E820435CF8003E6AC1 /* Info.plist */ = {isa = PBXFileReference; lastKnownFileType = text.plist.xml; path = Info.plist; sourceTree = "<group>"; };
		7D6028F420435D5D003E6AC1 /* LocalizableListTableViewController.swift */ = {isa = PBXFileReference; lastKnownFileType = sourcecode.swift; path = LocalizableListTableViewController.swift; sourceTree = "<group>"; };
		7D6028F620435E13003E6AC1 /* Launch Screen.storyboard */ = {isa = PBXFileReference; lastKnownFileType = file.storyboard; path = "Launch Screen.storyboard"; sourceTree = "<group>"; };
		7D6028F820435E42003E6AC1 /* Main.storyboard */ = {isa = PBXFileReference; lastKnownFileType = file.storyboard; path = Main.storyboard; sourceTree = "<group>"; };
		7D6029082043618E003E6AC1 /* es */ = {isa = PBXFileReference; lastKnownFileType = text.plist.strings; name = es; path = es.lproj/Localizable.strings; sourceTree = "<group>"; };
		7D602909204361C5003E6AC1 /* zh-Hans */ = {isa = PBXFileReference; lastKnownFileType = text.plist.strings; name = "zh-Hans"; path = "zh-Hans.lproj/Localizable.strings"; sourceTree = "<group>"; };
		7D60290A20436376003E6AC1 /* RandomViewController.swift */ = {isa = PBXFileReference; lastKnownFileType = sourcecode.swift; path = RandomViewController.swift; sourceTree = "<group>"; };
		7D60290C204367A0003E6AC1 /* en */ = {isa = PBXFileReference; lastKnownFileType = text.plist.strings; name = en; path = en.lproj/Localizable.strings; sourceTree = "<group>"; };
/* End PBXFileReference section */

/* Begin PBXFrameworksBuildPhase section */
		7D6028C020435CF8003E6AC1 /* Frameworks */ = {
			isa = PBXFrameworksBuildPhase;
			buildActionMask = 2147483647;
			files = (
			);
			runOnlyForDeploymentPostprocessing = 0;
		};
		7D6028D420435CF8003E6AC1 /* Frameworks */ = {
			isa = PBXFrameworksBuildPhase;
			buildActionMask = 2147483647;
			files = (
			);
			runOnlyForDeploymentPostprocessing = 0;
		};
		7D6028DF20435CF8003E6AC1 /* Frameworks */ = {
			isa = PBXFrameworksBuildPhase;
			buildActionMask = 2147483647;
			files = (
			);
			runOnlyForDeploymentPostprocessing = 0;
		};
/* End PBXFrameworksBuildPhase section */

/* Begin PBXGroup section */
		7D6028BA20435CF8003E6AC1 = {
			isa = PBXGroup;
			children = (
				7D6028C520435CF8003E6AC1 /* CleanLocalizableExample */,
				7D6028DA20435CF8003E6AC1 /* CleanLocalizableExampleTests */,
				7D6028E520435CF8003E6AC1 /* CleanLocalizableExampleUITests */,
				7D6028C420435CF8003E6AC1 /* Products */,
			);
			sourceTree = "<group>";
		};
		7D6028C420435CF8003E6AC1 /* Products */ = {
			isa = PBXGroup;
			children = (
				7D6028C320435CF8003E6AC1 /* CleanLocalizableExample.app */,
				7D6028D720435CF8003E6AC1 /* CleanLocalizableExampleTests.xctest */,
				7D6028E220435CF8003E6AC1 /* CleanLocalizableExampleUITests.xctest */,
			);
			name = Products;
			sourceTree = "<group>";
		};
		7D6028C520435CF8003E6AC1 /* CleanLocalizableExample */ = {
			isa = PBXGroup;
			children = (
				7D6028C620435CF8003E6AC1 /* AppDelegate.swift */,
				7D6028F420435D5D003E6AC1 /* LocalizableListTableViewController.swift */,
				7D60290A20436376003E6AC1 /* RandomViewController.swift */,
				7D6028CD20435CF8003E6AC1 /* Assets.xcassets */,
				7D6028D220435CF8003E6AC1 /* Info.plist */,
				7D6028F620435E13003E6AC1 /* Launch Screen.storyboard */,
				7D6028F820435E42003E6AC1 /* Main.storyboard */,
				7D6029032043606E003E6AC1 /* Localizable.strings */,
			);
			path = CleanLocalizableExample;
			sourceTree = "<group>";
		};
		7D6028DA20435CF8003E6AC1 /* CleanLocalizableExampleTests */ = {
			isa = PBXGroup;
			children = (
				7D6028DB20435CF8003E6AC1 /* CleanLocalizableExampleTests.swift */,
				7D6028DD20435CF8003E6AC1 /* Info.plist */,
			);
			path = CleanLocalizableExampleTests;
			sourceTree = "<group>";
		};
		7D6028E520435CF8003E6AC1 /* CleanLocalizableExampleUITests */ = {
			isa = PBXGroup;
			children = (
				7D6028E620435CF8003E6AC1 /* CleanLocalizableExampleUITests.swift */,
				7D6028E820435CF8003E6AC1 /* Info.plist */,
			);
			path = CleanLocalizableExampleUITests;
			sourceTree = "<group>";
		};
/* End PBXGroup section */

/* Begin PBXNativeTarget section */
		7D6028C220435CF8003E6AC1 /* CleanLocalizableExample */ = {
			isa = PBXNativeTarget;
			buildConfigurationList = 7D6028EB20435CF8003E6AC1 /* Build configuration list for PBXNativeTarget "CleanLocalizableExample" */;
			buildPhases = (
				7D6028BF20435CF8003E6AC1 /* Sources */,
				7D6028C020435CF8003E6AC1 /* Frameworks */,
				7D6028C120435CF8003E6AC1 /* Resources */,
				7D9A39C520476FF800CB5803 /* Clean Localizable */,
			);
			buildRules = (
			);
			dependencies = (
			);
			name = CleanLocalizableExample;
			productName = CleanLocalizableExample;
			productReference = 7D6028C320435CF8003E6AC1 /* CleanLocalizableExample.app */;
			productType = "com.apple.product-type.application";
		};
		7D6028D620435CF8003E6AC1 /* CleanLocalizableExampleTests */ = {
			isa = PBXNativeTarget;
			buildConfigurationList = 7D6028EE20435CF8003E6AC1 /* Build configuration list for PBXNativeTarget "CleanLocalizableExampleTests" */;
			buildPhases = (
				7D6028D320435CF8003E6AC1 /* Sources */,
				7D6028D420435CF8003E6AC1 /* Frameworks */,
				7D6028D520435CF8003E6AC1 /* Resources */,
			);
			buildRules = (
			);
			dependencies = (
				7D6028D920435CF8003E6AC1 /* PBXTargetDependency */,
			);
			name = CleanLocalizableExampleTests;
			productName = CleanLocalizableExampleTests;
			productReference = 7D6028D720435CF8003E6AC1 /* CleanLocalizableExampleTests.xctest */;
			productType = "com.apple.product-type.bundle.unit-test";
		};
		7D6028E120435CF8003E6AC1 /* CleanLocalizableExampleUITests */ = {
			isa = PBXNativeTarget;
			buildConfigurationList = 7D6028F120435CF8003E6AC1 /* Build configuration list for PBXNativeTarget "CleanLocalizableExampleUITests" */;
			buildPhases = (
				7D6028DE20435CF8003E6AC1 /* Sources */,
				7D6028DF20435CF8003E6AC1 /* Frameworks */,
				7D6028E020435CF8003E6AC1 /* Resources */,
			);
			buildRules = (
			);
			dependencies = (
				7D6028E420435CF8003E6AC1 /* PBXTargetDependency */,
			);
			name = CleanLocalizableExampleUITests;
			productName = CleanLocalizableExampleUITests;
			productReference = 7D6028E220435CF8003E6AC1 /* CleanLocalizableExampleUITests.xctest */;
			productType = "com.apple.product-type.bundle.ui-testing";
		};
/* End PBXNativeTarget section */

/* Begin PBXProject section */
		7D6028BB20435CF8003E6AC1 /* Project object */ = {
			isa = PBXProject;
			attributes = {
				LastSwiftUpdateCheck = 0920;
				LastUpgradeCheck = 0920;
				ORGANIZATIONNAME = "Gino Wu";
				TargetAttributes = {
					7D6028C220435CF8003E6AC1 = {
						CreatedOnToolsVersion = 9.2;
						ProvisioningStyle = Automatic;
					};
					7D6028D620435CF8003E6AC1 = {
						CreatedOnToolsVersion = 9.2;
						ProvisioningStyle = Automatic;
						TestTargetID = 7D6028C220435CF8003E6AC1;
					};
					7D6028E120435CF8003E6AC1 = {
						CreatedOnToolsVersion = 9.2;
						ProvisioningStyle = Automatic;
						TestTargetID = 7D6028C220435CF8003E6AC1;
					};
				};
			};
			buildConfigurationList = 7D6028BE20435CF8003E6AC1 /* Build configuration list for PBXProject "CleanLocalizableExample" */;
			compatibilityVersion = "Xcode 8.0";
			developmentRegion = en;
			hasScannedForEncodings = 0;
			knownRegions = (
				en,
				Base,
				es,
				"zh-Hans",
			);
			mainGroup = 7D6028BA20435CF8003E6AC1;
			productRefGroup = 7D6028C420435CF8003E6AC1 /* Products */;
			projectDirPath = "";
			projectRoot = "";
			targets = (
				7D6028C220435CF8003E6AC1 /* CleanLocalizableExample */,
				7D6028D620435CF8003E6AC1 /* CleanLocalizableExampleTests */,
				7D6028E120435CF8003E6AC1 /* CleanLocalizableExampleUITests */,
			);
		};
/* End PBXProject section */

/* Begin PBXResourcesBuildPhase section */
		7D6028C120435CF8003E6AC1 /* Resources */ = {
			isa = PBXResourcesBuildPhase;
			buildActionMask = 2147483647;
			files = (
				7D6028F920435E42003E6AC1 /* Main.storyboard in Resources */,
				7D6029012043606E003E6AC1 /* Localizable.strings in Resources */,
				7D6028F720435E13003E6AC1 /* Launch Screen.storyboard in Resources */,
				7D6028CE20435CF8003E6AC1 /* Assets.xcassets in Resources */,
			);
			runOnlyForDeploymentPostprocessing = 0;
		};
		7D6028D520435CF8003E6AC1 /* Resources */ = {
			isa = PBXResourcesBuildPhase;
			buildActionMask = 2147483647;
			files = (
			);
			runOnlyForDeploymentPostprocessing = 0;
		};
		7D6028E020435CF8003E6AC1 /* Resources */ = {
			isa = PBXResourcesBuildPhase;
			buildActionMask = 2147483647;
			files = (
			);
			runOnlyForDeploymentPostprocessing = 0;
		};
/* End PBXResourcesBuildPhase section */

/* Begin PBXShellScriptBuildPhase section */
		7D9A39C520476FF800CB5803 /* Clean Localizable */ = {
			isa = PBXShellScriptBuildPhase;
			buildActionMask = 2147483647;
			files = (
			);
			inputPaths = (
			);
			name = "Clean Localizable";
			outputPaths = (
			);
			runOnlyForDeploymentPostprocessing = 0;
			shellPath = /bin/sh;
			shellScript = ./scripts/clean_localizable.sh;
		};
/* End PBXShellScriptBuildPhase section */

/* Begin PBXSourcesBuildPhase section */
		7D6028BF20435CF8003E6AC1 /* Sources */ = {
			isa = PBXSourcesBuildPhase;
			buildActionMask = 2147483647;
			files = (
				7D60290B20436376003E6AC1 /* RandomViewController.swift in Sources */,
				7D6028F520435D5D003E6AC1 /* LocalizableListTableViewController.swift in Sources */,
				7D6028C720435CF8003E6AC1 /* AppDelegate.swift in Sources */,
			);
			runOnlyForDeploymentPostprocessing = 0;
		};
		7D6028D320435CF8003E6AC1 /* Sources */ = {
			isa = PBXSourcesBuildPhase;
			buildActionMask = 2147483647;
			files = (
				7D6028DC20435CF8003E6AC1 /* CleanLocalizableExampleTests.swift in Sources */,
			);
			runOnlyForDeploymentPostprocessing = 0;
		};
		7D6028DE20435CF8003E6AC1 /* Sources */ = {
			isa = PBXSourcesBuildPhase;
			buildActionMask = 2147483647;
			files = (
				7D6028E720435CF8003E6AC1 /* CleanLocalizableExampleUITests.swift in Sources */,
			);
			runOnlyForDeploymentPostprocessing = 0;
		};
/* End PBXSourcesBuildPhase section */

/* Begin PBXTargetDependency section */
		7D6028D920435CF8003E6AC1 /* PBXTargetDependency */ = {
			isa = PBXTargetDependency;
			target = 7D6028C220435CF8003E6AC1 /* CleanLocalizableExample */;
			targetProxy = 7D6028D820435CF8003E6AC1 /* PBXContainerItemProxy */;
		};
		7D6028E420435CF8003E6AC1 /* PBXTargetDependency */ = {
			isa = PBXTargetDependency;
			target = 7D6028C220435CF8003E6AC1 /* CleanLocalizableExample */;
			targetProxy = 7D6028E320435CF8003E6AC1 /* PBXContainerItemProxy */;
		};
/* End PBXTargetDependency section */

/* Begin PBXVariantGroup section */
		7D6029032043606E003E6AC1 /* Localizable.strings */ = {
			isa = PBXVariantGroup;
			children = (
				7D6029082043618E003E6AC1 /* es */,
				7D602909204361C5003E6AC1 /* zh-Hans */,
				7D60290C204367A0003E6AC1 /* en */,
			);
			name = Localizable.strings;
			sourceTree = "<group>";
		};
/* End PBXVariantGroup section */

/* Begin XCBuildConfiguration section */
		7D6028E920435CF8003E6AC1 /* Debug */ = {
			isa = XCBuildConfiguration;
			buildSettings = {
				ALWAYS_SEARCH_USER_PATHS = NO;
				CLANG_ANALYZER_LOCALIZABILITY_NONLOCALIZED = YES;
				CLANG_ANALYZER_NONNULL = YES;
				CLANG_ANALYZER_NUMBER_OBJECT_CONVERSION = YES_AGGRESSIVE;
				CLANG_CXX_LANGUAGE_STANDARD = "gnu++14";
				CLANG_CXX_LIBRARY = "libc++";
				CLANG_ENABLE_MODULES = YES;
				CLANG_ENABLE_OBJC_ARC = YES;
				CLANG_WARN_BLOCK_CAPTURE_AUTORELEASING = YES;
				CLANG_WARN_BOOL_CONVERSION = YES;
				CLANG_WARN_COMMA = YES;
				CLANG_WARN_CONSTANT_CONVERSION = YES;
				CLANG_WARN_DIRECT_OBJC_ISA_USAGE = YES_ERROR;
				CLANG_WARN_DOCUMENTATION_COMMENTS = YES;
				CLANG_WARN_EMPTY_BODY = YES;
				CLANG_WARN_ENUM_CONVERSION = YES;
				CLANG_WARN_INFINITE_RECURSION = YES;
				CLANG_WARN_INT_CONVERSION = YES;
				CLANG_WARN_NON_LITERAL_NULL_CONVERSION = YES;
				CLANG_WARN_OBJC_LITERAL_CONVERSION = YES;
				CLANG_WARN_OBJC_ROOT_CLASS = YES_ERROR;
				CLANG_WARN_RANGE_LOOP_ANALYSIS = YES;
				CLANG_WARN_STRICT_PROTOTYPES = YES;
				CLANG_WARN_SUSPICIOUS_MOVE = YES;
				CLANG_WARN_UNGUARDED_AVAILABILITY = YES_AGGRESSIVE;
				CLANG_WARN_UNREACHABLE_CODE = YES;
				CLANG_WARN__DUPLICATE_METHOD_MATCH = YES;
				CODE_SIGN_IDENTITY = "iPhone Developer";
				COPY_PHASE_STRIP = NO;
				DEBUG_INFORMATION_FORMAT = dwarf;
				ENABLE_STRICT_OBJC_MSGSEND = YES;
				ENABLE_TESTABILITY = YES;
				GCC_C_LANGUAGE_STANDARD = gnu11;
				GCC_DYNAMIC_NO_PIC = NO;
				GCC_NO_COMMON_BLOCKS = YES;
				GCC_OPTIMIZATION_LEVEL = 0;
				GCC_PREPROCESSOR_DEFINITIONS = (
					"DEBUG=1",
					"$(inherited)",
				);
				GCC_WARN_64_TO_32_BIT_CONVERSION = YES;
				GCC_WARN_ABOUT_RETURN_TYPE = YES_ERROR;
				GCC_WARN_UNDECLARED_SELECTOR = YES;
				GCC_WARN_UNINITIALIZED_AUTOS = YES_AGGRESSIVE;
				GCC_WARN_UNUSED_FUNCTION = YES;
				GCC_WARN_UNUSED_VARIABLE = YES;
				IPHONEOS_DEPLOYMENT_TARGET = 11.2;
				MTL_ENABLE_DEBUG_INFO = YES;
				ONLY_ACTIVE_ARCH = YES;
				SDKROOT = iphoneos;
				SWIFT_ACTIVE_COMPILATION_CONDITIONS = DEBUG;
				SWIFT_OPTIMIZATION_LEVEL = "-Onone";
			};
			name = Debug;
		};
		7D6028EA20435CF8003E6AC1 /* Release */ = {
			isa = XCBuildConfiguration;
			buildSettings = {
				ALWAYS_SEARCH_USER_PATHS = NO;
				CLANG_ANALYZER_LOCALIZABILITY_NONLOCALIZED = YES;
				CLANG_ANALYZER_NONNULL = YES;
				CLANG_ANALYZER_NUMBER_OBJECT_CONVERSION = YES_AGGRESSIVE;
				CLANG_CXX_LANGUAGE_STANDARD = "gnu++14";
				CLANG_CXX_LIBRARY = "libc++";
				CLANG_ENABLE_MODULES = YES;
				CLANG_ENABLE_OBJC_ARC = YES;
				CLANG_WARN_BLOCK_CAPTURE_AUTORELEASING = YES;
				CLANG_WARN_BOOL_CONVERSION = YES;
				CLANG_WARN_COMMA = YES;
				CLANG_WARN_CONSTANT_CONVERSION = YES;
				CLANG_WARN_DIRECT_OBJC_ISA_USAGE = YES_ERROR;
				CLANG_WARN_DOCUMENTATION_COMMENTS = YES;
				CLANG_WARN_EMPTY_BODY = YES;
				CLANG_WARN_ENUM_CONVERSION = YES;
				CLANG_WARN_INFINITE_RECURSION = YES;
				CLANG_WARN_INT_CONVERSION = YES;
				CLANG_WARN_NON_LITERAL_NULL_CONVERSION = YES;
				CLANG_WARN_OBJC_LITERAL_CONVERSION = YES;
				CLANG_WARN_OBJC_ROOT_CLASS = YES_ERROR;
				CLANG_WARN_RANGE_LOOP_ANALYSIS = YES;
				CLANG_WARN_STRICT_PROTOTYPES = YES;
				CLANG_WARN_SUSPICIOUS_MOVE = YES;
				CLANG_WARN_UNGUARDED_AVAILABILITY = YES_AGGRESSIVE;
				CLANG_WARN_UNREACHABLE_CODE = YES;
				CLANG_WARN__DUPLICATE_METHOD_MATCH = YES;
				CODE_SIGN_IDENTITY = "iPhone Developer";
				COPY_PHASE_STRIP = NO;
				DEBUG_INFORMATION_FORMAT = "dwarf-with-dsym";
				ENABLE_NS_ASSERTIONS = NO;
				ENABLE_STRICT_OBJC_MSGSEND = YES;
				GCC_C_LANGUAGE_STANDARD = gnu11;
				GCC_NO_COMMON_BLOCKS = YES;
				GCC_WARN_64_TO_32_BIT_CONVERSION = YES;
				GCC_WARN_ABOUT_RETURN_TYPE = YES_ERROR;
				GCC_WARN_UNDECLARED_SELECTOR = YES;
				GCC_WARN_UNINITIALIZED_AUTOS = YES_AGGRESSIVE;
				GCC_WARN_UNUSED_FUNCTION = YES;
				GCC_WARN_UNUSED_VARIABLE = YES;
				IPHONEOS_DEPLOYMENT_TARGET = 11.2;
				MTL_ENABLE_DEBUG_INFO = NO;
				SDKROOT = iphoneos;
				SWIFT_OPTIMIZATION_LEVEL = "-Owholemodule";
				VALIDATE_PRODUCT = YES;
			};
			name = Release;
		};
		7D6028EC20435CF8003E6AC1 /* Debug */ = {
			isa = XCBuildConfiguration;
			buildSettings = {
				ASSETCATALOG_COMPILER_APPICON_NAME = AppIcon;
				CODE_SIGN_STYLE = Automatic;
				INFOPLIST_FILE = CleanLocalizableExample/Info.plist;
				LD_RUNPATH_SEARCH_PATHS = "$(inherited) @executable_path/Frameworks";
				PRODUCT_BUNDLE_IDENTIFIER = example.CleanLocalizableExample;
				PRODUCT_NAME = "$(TARGET_NAME)";
				SWIFT_VERSION = 4.0;
				TARGETED_DEVICE_FAMILY = "1,2";
			};
			name = Debug;
		};
		7D6028ED20435CF8003E6AC1 /* Release */ = {
			isa = XCBuildConfiguration;
			buildSettings = {
				ASSETCATALOG_COMPILER_APPICON_NAME = AppIcon;
				CODE_SIGN_STYLE = Automatic;
				INFOPLIST_FILE = CleanLocalizableExample/Info.plist;
				LD_RUNPATH_SEARCH_PATHS = "$(inherited) @executable_path/Frameworks";
				PRODUCT_BUNDLE_IDENTIFIER = example.CleanLocalizableExample;
				PRODUCT_NAME = "$(TARGET_NAME)";
				SWIFT_VERSION = 4.0;
				TARGETED_DEVICE_FAMILY = "1,2";
			};
			name = Release;
		};
		7D6028EF20435CF8003E6AC1 /* Debug */ = {
			isa = XCBuildConfiguration;
			buildSettings = {
				ALWAYS_EMBED_SWIFT_STANDARD_LIBRARIES = YES;
				BUNDLE_LOADER = "$(TEST_HOST)";
				CODE_SIGN_STYLE = Automatic;
				INFOPLIST_FILE = CleanLocalizableExampleTests/Info.plist;
				LD_RUNPATH_SEARCH_PATHS = "$(inherited) @executable_path/Frameworks @loader_path/Frameworks";
				PRODUCT_BUNDLE_IDENTIFIER = example.CleanLocalizableExampleTests;
				PRODUCT_NAME = "$(TARGET_NAME)";
				SWIFT_VERSION = 4.0;
				TARGETED_DEVICE_FAMILY = "1,2";
				TEST_HOST = "$(BUILT_PRODUCTS_DIR)/CleanLocalizableExample.app/CleanLocalizableExample";
			};
			name = Debug;
		};
		7D6028F020435CF8003E6AC1 /* Release */ = {
			isa = XCBuildConfiguration;
			buildSettings = {
				ALWAYS_EMBED_SWIFT_STANDARD_LIBRARIES = YES;
				BUNDLE_LOADER = "$(TEST_HOST)";
				CODE_SIGN_STYLE = Automatic;
				INFOPLIST_FILE = CleanLocalizableExampleTests/Info.plist;
				LD_RUNPATH_SEARCH_PATHS = "$(inherited) @executable_path/Frameworks @loader_path/Frameworks";
				PRODUCT_BUNDLE_IDENTIFIER = example.CleanLocalizableExampleTests;
				PRODUCT_NAME = "$(TARGET_NAME)";
				SWIFT_VERSION = 4.0;
				TARGETED_DEVICE_FAMILY = "1,2";
				TEST_HOST = "$(BUILT_PRODUCTS_DIR)/CleanLocalizableExample.app/CleanLocalizableExample";
			};
			name = Release;
		};
		7D6028F220435CF8003E6AC1 /* Debug */ = {
			isa = XCBuildConfiguration;
			buildSettings = {
				ALWAYS_EMBED_SWIFT_STANDARD_LIBRARIES = YES;
				CODE_SIGN_STYLE = Automatic;
				INFOPLIST_FILE = CleanLocalizableExampleUITests/Info.plist;
				LD_RUNPATH_SEARCH_PATHS = "$(inherited) @executable_path/Frameworks @loader_path/Frameworks";
				PRODUCT_BUNDLE_IDENTIFIER = example.CleanLocalizableExampleUITests;
				PRODUCT_NAME = "$(TARGET_NAME)";
				SWIFT_VERSION = 4.0;
				TARGETED_DEVICE_FAMILY = "1,2";
				TEST_TARGET_NAME = CleanLocalizableExample;
			};
			name = Debug;
		};
		7D6028F320435CF8003E6AC1 /* Release */ = {
			isa = XCBuildConfiguration;
			buildSettings = {
				ALWAYS_EMBED_SWIFT_STANDARD_LIBRARIES = YES;
				CODE_SIGN_STYLE = Automatic;
				INFOPLIST_FILE = CleanLocalizableExampleUITests/Info.plist;
				LD_RUNPATH_SEARCH_PATHS = "$(inherited) @executable_path/Frameworks @loader_path/Frameworks";
				PRODUCT_BUNDLE_IDENTIFIER = example.CleanLocalizableExampleUITests;
				PRODUCT_NAME = "$(TARGET_NAME)";
				SWIFT_VERSION = 4.0;
				TARGETED_DEVICE_FAMILY = "1,2";
				TEST_TARGET_NAME = CleanLocalizableExample;
			};
			name = Release;
		};
/* End XCBuildConfiguration section */

/* Begin XCConfigurationList section */
		7D6028BE20435CF8003E6AC1 /* Build configuration list for PBXProject "CleanLocalizableExample" */ = {
			isa = XCConfigurationList;
			buildConfigurations = (
				7D6028E920435CF8003E6AC1 /* Debug */,
				7D6028EA20435CF8003E6AC1 /* Release */,
			);
			defaultConfigurationIsVisible = 0;
			defaultConfigurationName = Release;
		};
		7D6028EB20435CF8003E6AC1 /* Build configuration list for PBXNativeTarget "CleanLocalizableExample" */ = {
			isa = XCConfigurationList;
			buildConfigurations = (
				7D6028EC20435CF8003E6AC1 /* Debug */,
				7D6028ED20435CF8003E6AC1 /* Release */,
			);
			defaultConfigurationIsVisible = 0;
			defaultConfigurationName = Release;
		};
		7D6028EE20435CF8003E6AC1 /* Build configuration list for PBXNativeTarget "CleanLocalizableExampleTests" */ = {
			isa = XCConfigurationList;
			buildConfigurations = (
				7D6028EF20435CF8003E6AC1 /* Debug */,
				7D6028F020435CF8003E6AC1 /* Release */,
			);
			defaultConfigurationIsVisible = 0;
			defaultConfigurationName = Release;
		};
		7D6028F120435CF8003E6AC1 /* Build configuration list for PBXNativeTarget "CleanLocalizableExampleUITests" */ = {
			isa = XCConfigurationList;
			buildConfigurations = (
				7D6028F220435CF8003E6AC1 /* Debug */,
				7D6028F320435CF8003E6AC1 /* Release */,
			);
			defaultConfigurationIsVisible = 0;
			defaultConfigurationName = Release;
		};
/* End XCConfigurationList section */
	};
	rootObject = 7D6028BB20435CF8003E6AC1 /* Project object */;
}
